
Microsoft Visual Studio Solution File, Format Version 12.00
# Visual Studio Version 17
VisualStudioVersion = 17.7.34024.191
MinimumVisualStudioVersion = 10.0.40219.1
Project("{FAE04EC0-301F-11D3-BF4B-00C04F79EFBC}") = "ProjectPRN221", "ProjectPRN221\ProjectPRN221.csproj", "{EA2D1ACB-C91F-40C8-8BDF-50DE99EED82E}"
EndProject
Project("{FAE04EC0-301F-11D3-BF4B-00C04F79EFBC}") = "ElectricalWholesaleStore_1", "ElectricalWholesaleStore_1\ElectricalWholesaleStore_1.csproj", "{7671DB30-AFE1-4D95-94DD-CBBF11B96254}"
EndProject
Project("{FAE04EC0-301F-11D3-BF4B-00C04F79EFBC}") = "ElectricalWholesaleStore_2", "ElectricalWholesaleStore_2\ElectricalWholesaleStore_2.csproj", "{82C57C6C-F8F3-4C71-AE9A-0DBC670447AD}"
EndProject
Global
	GlobalSection(SolutionConfigurationPlatforms) = preSolution
		Debug|Any CPU = Debug|Any CPU
		Release|Any CPU = Release|Any CPU
	EndGlobalSection
	GlobalSection(ProjectConfigurationPlatforms) = postSolution
		{EA2D1ACB-C91F-40C8-8BDF-50DE99EED82E}.Debug|Any CPU.ActiveCfg = Debug|Any CPU
		{EA2D1ACB-C91F-40C8-8BDF-50DE99EED82E}.Debug|Any CPU.Build.0 = Debug|Any CPU
		{EA2D1ACB-C91F-40C8-8BDF-50DE99EED82E}.Release|Any CPU.ActiveCfg = Release|Any CPU
		{EA2D1ACB-C91F-40C8-8BDF-50DE99EED82E}.Release|Any CPU.Build.0 = Release|Any CPU
		{7671DB30-AFE1-4D95-94DD-CBBF11B96254}.Debug|Any CPU.ActiveCfg = Debug|Any CPU
		{7671DB30-AFE1-4D95-94DD-CBBF11B96254}.Debug|Any CPU.Build.0 = Debug|Any CPU
		{7671DB30-AFE1-4D95-94DD-CBBF11B96254}.Release|Any CPU.ActiveCfg = Release|Any CPU
		{7671DB30-AFE1-4D95-94DD-CBBF11B96254}.Release|Any CPU.Build.0 = Release|Any CPU
		{82C57C6C-F8F3-4C71-AE9A-0DBC670447AD}.Debug|Any CPU.ActiveCfg = Debug|Any CPU
		{82C57C6C-F8F3-4C71-AE9A-0DBC670447AD}.Debug|Any CPU.Build.0 = Debug|Any CPU
		{82C57C6C-F8F3-4C71-AE9A-0DBC670447AD}.Release|Any CPU.ActiveCfg = Release|Any CPU
		{82C57C6C-F8F3-4C71-AE9A-0DBC670447AD}.Release|Any CPU.Build.0 = Release|Any CPU
	EndGlobalSection
	GlobalSection(SolutionProperties) = preSolution
		HideSolutionNode = FALSE
	EndGlobalSection
	GlobalSection(ExtensibilityGlobals) = postSolution
		SolutionGuid = {19238E3A-50A3-4882-9FDE-D724E46E3223}
	EndGlobalSection
EndGlobal
